{
  "name": "@kjots/snyk-issue-peer-dependencies",
  "version": "1.0.0",
  "lockfileVersion": 2,
  "requires": true,
  "packages": {
    "": {
      "name": "@kjots/snyk-issue-peer-dependencies",
      "version": "1.0.0",
      "license": "Apache-2.0",
      "dependencies": {
        "test-dependency": "file:packages/test-dependency/kjots-test-dependency-1.0.0.tgz"
      }
    },
    "node_modules/angucomplete-alt": {
      "version": "3.0.0",
      "resolved": "https://registry.npmjs.org/angucomplete-alt/-/angucomplete-alt-3.0.0.tgz",
      "integrity": "sha512-62NHDU+suiAl0qNfT2rnk3RKEAa4KXlrBoHa32nBNmBfPlbNvlsN+vTvtbC/dtD0srsqiXhfEUCammKkrj5+iw==",
      "peer": true,
      "engines": {
        "node": ">= 0.8.4"
      }
    },
    "node_modules/test-dependency": {
      "name": "@kjots/test-dependency",
      "version": "1.0.0",
      "resolved": "file:packages/test-dependency/kjots-test-dependency-1.0.0.tgz",
      "integrity": "sha512-MM590ua+H8SLlt+Zw+2tqN22rgf98eGvUNvSNsSJeKzy71rnj9BDLB+2tigOasXDYA4C3DRuPgXU198mC/PN2g==",
      "license": "Apache-2.0",
      "peerDependencies": {
        "angucomplete-alt": "^3.0.0"
      }
    }
  },
  "dependencies": {
    "angucomplete-alt": {
      "version": "3.0.0",
      "resolved": "https://registry.npmjs.org/angucomplete-alt/-/angucomplete-alt-3.0.0.tgz",
      "integrity": "sha512-62NHDU+suiAl0qNfT2rnk3RKEAa4KXlrBoHa32nBNmBfPlbNvlsN+vTvtbC/dtD0srsqiXhfEUCammKkrj5+iw==",
      "peer": true
    },
    "test-dependency": {
      "version": "file:packages/test-dependency/kjots-test-dependency-1.0.0.tgz",
      "integrity": "sha512-MM590ua+H8SLlt+Zw+2tqN22rgf98eGvUNvSNsSJeKzy71rnj9BDLB+2tigOasXDYA4C3DRuPgXU198mC/PN2g==",
      "requires": {}
    }
  }
}
